
Microsoft Visual Studio Solution File, Format Version 12.00
# Visual Studio Version 17
VisualStudioVersion = 17.0.32112.339
MinimumVisualStudioVersion = 10.0.40219.1
Project("{E53339B2-1760-4266-BCC7-CA923CBCF16C}") = "docker-compose", "docker-compose.dcproj", "{260F741B-814B-4BF9-B57D-475944D53D6C}"
EndProject
Project("{9A19103F-16F7-4668-BE54-9A1E7A4F7556}") = "WebUI", "WebUI\WebUI.csproj", "{8BE2360C-9A27-4050-976D-753DB0344C4C}"
EndProject
Project("{2150E333-8FDC-42A3-9474-1A3956D46DE8}") = "Bot", "Bot", "{01AC8213-FE77-44CE-9102-00A2EB0AA16F}"
EndProject
Project("{FAE04EC0-301F-11D3-BF4B-00C04F79EFBC}") = "Bot.Domain", "Bot.Domain\Bot.Domain.csproj", "{E3D1546A-26E4-43D6-987F-2D0DC05F3389}"
EndProject
Project("{FAE04EC0-301F-11D3-BF4B-00C04F79EFBC}") = "Bot.Infrastructure", "Bot.Infrastructure\Bot.Infrastructure.csproj", "{415092AC-4943-47B6-B2CC-A6B4812DFAD5}"
EndProject
Project("{FAE04EC0-301F-11D3-BF4B-00C04F79EFBC}") = "Bot.Interfaces", "Bot.Interfaces\Bot.Interfaces.csproj", "{761A9089-857E-4ABB-8359-B36325FC3BFD}"
EndProject
Project("{FAE04EC0-301F-11D3-BF4B-00C04F79EFBC}") = "Bot.Logic", "Bot.Logic\Bot.Logic.csproj", "{0DE22F51-A720-4F8A-AB82-57DE2D225DEB}"
EndProject
Project("{FAE04EC0-301F-11D3-BF4B-00C04F79EFBC}") = "Bot.Host", "Bot.Host\Bot.Host.csproj", "{B6E185AA-6FD3-4378-A6E9-B12DB204633B}"
EndProject
Project("{FAE04EC0-301F-11D3-BF4B-00C04F79EFBC}") = "Common", "Common\Common.csproj", "{5CEBE690-CD30-477F-87F0-63CB87519527}"
EndProject
Global
	GlobalSection(SolutionConfigurationPlatforms) = preSolution
		Debug|Any CPU = Debug|Any CPU
		Release|Any CPU = Release|Any CPU
	EndGlobalSection
	GlobalSection(ProjectConfigurationPlatforms) = postSolution
		{260F741B-814B-4BF9-B57D-475944D53D6C}.Debug|Any CPU.ActiveCfg = Debug|Any CPU
		{260F741B-814B-4BF9-B57D-475944D53D6C}.Debug|Any CPU.Build.0 = Debug|Any CPU
		{260F741B-814B-4BF9-B57D-475944D53D6C}.Release|Any CPU.ActiveCfg = Release|Any CPU
		{260F741B-814B-4BF9-B57D-475944D53D6C}.Release|Any CPU.Build.0 = Release|Any CPU
		{8BE2360C-9A27-4050-976D-753DB0344C4C}.Debug|Any CPU.ActiveCfg = Debug|Any CPU
		{8BE2360C-9A27-4050-976D-753DB0344C4C}.Debug|Any CPU.Build.0 = Debug|Any CPU
		{8BE2360C-9A27-4050-976D-753DB0344C4C}.Release|Any CPU.ActiveCfg = Release|Any CPU
		{8BE2360C-9A27-4050-976D-753DB0344C4C}.Release|Any CPU.Build.0 = Release|Any CPU
		{E3D1546A-26E4-43D6-987F-2D0DC05F3389}.Debug|Any CPU.ActiveCfg = Debug|Any CPU
		{E3D1546A-26E4-43D6-987F-2D0DC05F3389}.Debug|Any CPU.Build.0 = Debug|Any CPU
		{E3D1546A-26E4-43D6-987F-2D0DC05F3389}.Release|Any CPU.ActiveCfg = Release|Any CPU
		{E3D1546A-26E4-43D6-987F-2D0DC05F3389}.Release|Any CPU.Build.0 = Release|Any CPU
		{415092AC-4943-47B6-B2CC-A6B4812DFAD5}.Debug|Any CPU.ActiveCfg = Debug|Any CPU
		{415092AC-4943-47B6-B2CC-A6B4812DFAD5}.Debug|Any CPU.Build.0 = Debug|Any CPU
		{415092AC-4943-47B6-B2CC-A6B4812DFAD5}.Release|Any CPU.ActiveCfg = Release|Any CPU
		{415092AC-4943-47B6-B2CC-A6B4812DFAD5}.Release|Any CPU.Build.0 = Release|Any CPU
		{761A9089-857E-4ABB-8359-B36325FC3BFD}.Debug|Any CPU.ActiveCfg = Debug|Any CPU
		{761A9089-857E-4ABB-8359-B36325FC3BFD}.Debug|Any CPU.Build.0 = Debug|Any CPU
		{761A9089-857E-4ABB-8359-B36325FC3BFD}.Release|Any CPU.ActiveCfg = Release|Any CPU
		{761A9089-857E-4ABB-8359-B36325FC3BFD}.Release|Any CPU.Build.0 = Release|Any CPU
		{0DE22F51-A720-4F8A-AB82-57DE2D225DEB}.Debug|Any CPU.ActiveCfg = Debug|Any CPU
		{0DE22F51-A720-4F8A-AB82-57DE2D225DEB}.Debug|Any CPU.Build.0 = Debug|Any CPU
		{0DE22F51-A720-4F8A-AB82-57DE2D225DEB}.Release|Any CPU.ActiveCfg = Release|Any CPU
		{0DE22F51-A720-4F8A-AB82-57DE2D225DEB}.Release|Any CPU.Build.0 = Release|Any CPU
		{B6E185AA-6FD3-4378-A6E9-B12DB204633B}.Debug|Any CPU.ActiveCfg = Debug|Any CPU
		{B6E185AA-6FD3-4378-A6E9-B12DB204633B}.Debug|Any CPU.Build.0 = Debug|Any CPU
		{B6E185AA-6FD3-4378-A6E9-B12DB204633B}.Release|Any CPU.ActiveCfg = Release|Any CPU
		{B6E185AA-6FD3-4378-A6E9-B12DB204633B}.Release|Any CPU.Build.0 = Release|Any CPU
		{5CEBE690-CD30-477F-87F0-63CB87519527}.Debug|Any CPU.ActiveCfg = Debug|Any CPU
		{5CEBE690-CD30-477F-87F0-63CB87519527}.Debug|Any CPU.Build.0 = Debug|Any CPU
		{5CEBE690-CD30-477F-87F0-63CB87519527}.Release|Any CPU.ActiveCfg = Release|Any CPU
		{5CEBE690-CD30-477F-87F0-63CB87519527}.Release|Any CPU.Build.0 = Release|Any CPU
	EndGlobalSection
	GlobalSection(SolutionProperties) = preSolution
		HideSolutionNode = FALSE
	EndGlobalSection
	GlobalSection(ExtensibilityGlobals) = postSolution
		SolutionGuid = {369D9350-4271-4039-9E41-F7E1C2339DB0}
	EndGlobalSection
	GlobalSection(NestedProjects) = preSolution
		{E3D1546A-26E4-43D6-987F-2D0DC05F3389} = {01AC8213-FE77-44CE-9102-00A2EB0AA16F}
		{415092AC-4943-47B6-B2CC-A6B4812DFAD5} = {01AC8213-FE77-44CE-9102-00A2EB0AA16F}
		{761A9089-857E-4ABB-8359-B36325FC3BFD} = {01AC8213-FE77-44CE-9102-00A2EB0AA16F}
		{0DE22F51-A720-4F8A-AB82-57DE2D225DEB} = {01AC8213-FE77-44CE-9102-00A2EB0AA16F}
		{B6E185AA-6FD3-4378-A6E9-B12DB204633B} = {01AC8213-FE77-44CE-9102-00A2EB0AA16F}
	EndGlobalSection
EndGlobal
