
Microsoft Visual Studio Solution File, Format Version 12.00
# Visual Studio Version 17
VisualStudioVersion = 17.0.32112.339
MinimumVisualStudioVersion = 10.0.40219.1
Project("{2150E333-8FDC-42A3-9474-1A3956D46DE8}") = "Services", "Services", "{01AC8213-FE77-44CE-9102-00A2EB0AA16F}"
EndProject
Project("{FAE04EC0-301F-11D3-BF4B-00C04F79EFBC}") = "Common", "Common\Common.csproj", "{5CEBE690-CD30-477F-87F0-63CB87519527}"
EndProject
Project("{2150E333-8FDC-42A3-9474-1A3956D46DE8}") = "MoneyBot", "MoneyBot", "{E95BFE4D-A215-4B56-9CCF-7E13349C06C4}"
EndProject
Project("{FAE04EC0-301F-11D3-BF4B-00C04F79EFBC}") = "Afonya.MoneyBot.Domain", "Services\Bot\Afonya.MoneyBot.Domain\Afonya.MoneyBot.Domain.csproj", "{8A415F7F-7A08-491C-9BDC-3DE220868557}"
EndProject
Project("{FAE04EC0-301F-11D3-BF4B-00C04F79EFBC}") = "Afonya.MoneyBot.Interfaces", "Services\Bot\Afonya.MoneyBot.Interfaces\Afonya.MoneyBot.Interfaces.csproj", "{62C640F2-3BFD-44C8-9E40-AE0CEF104E95}"
EndProject
Project("{FAE04EC0-301F-11D3-BF4B-00C04F79EFBC}") = "Afonya.MoneyBot.Infrastructure", "Services\Bot\Afonya.MoneyBot.Infrastructure\Afonya.MoneyBot.Infrastructure.csproj", "{3BF4C73C-A134-47ED-A162-D313D7F8426D}"
EndProject
Project("{FAE04EC0-301F-11D3-BF4B-00C04F79EFBC}") = "Afonya.MoneyBot.Logic", "Services\Bot\Afonya.MoneyBot.Logic\Afonya.MoneyBot.Logic.csproj", "{9B6503CF-0A84-4E9B-9C90-22A9C2BB19CD}"
EndProject
Project("{2150E333-8FDC-42A3-9474-1A3956D46DE8}") = "Identity", "Identity", "{3FC9CD1C-FB96-4A5E-BA1F-CB8A6FCAD131}"
EndProject
Project("{FAE04EC0-301F-11D3-BF4B-00C04F79EFBC}") = "Afonya.Identity.Web", "Services\Identity\Afonya.Identity.Web\Afonya.Identity.Web.csproj", "{4EBD9617-46FF-4D8D-AC32-54BACF671A36}"
EndProject
Project("{FAE04EC0-301F-11D3-BF4B-00C04F79EFBC}") = "Afonya.WebUi", "Afonya.WebUi\Afonya.WebUi.csproj", "{4238C930-2E1D-4E61-BFBC-7D4D9F5F2541}"
EndProject
Project("{FAE04EC0-301F-11D3-BF4B-00C04F79EFBC}") = "Afonya.MoneyBot.WebWorker", "Services\Bot\Afonya.MoneyBot.WebWorker\Afonya.MoneyBot.WebWorker.csproj", "{21F708F5-6764-44EF-9D12-8B7C97E7B77C}"
EndProject
Global
	GlobalSection(SolutionConfigurationPlatforms) = preSolution
		Debug|Any CPU = Debug|Any CPU
		Release|Any CPU = Release|Any CPU
	EndGlobalSection
	GlobalSection(ProjectConfigurationPlatforms) = postSolution
		{5CEBE690-CD30-477F-87F0-63CB87519527}.Debug|Any CPU.ActiveCfg = Debug|Any CPU
		{5CEBE690-CD30-477F-87F0-63CB87519527}.Debug|Any CPU.Build.0 = Debug|Any CPU
		{5CEBE690-CD30-477F-87F0-63CB87519527}.Release|Any CPU.ActiveCfg = Release|Any CPU
		{5CEBE690-CD30-477F-87F0-63CB87519527}.Release|Any CPU.Build.0 = Release|Any CPU
		{8A415F7F-7A08-491C-9BDC-3DE220868557}.Debug|Any CPU.ActiveCfg = Debug|Any CPU
		{8A415F7F-7A08-491C-9BDC-3DE220868557}.Debug|Any CPU.Build.0 = Debug|Any CPU
		{8A415F7F-7A08-491C-9BDC-3DE220868557}.Release|Any CPU.ActiveCfg = Release|Any CPU
		{8A415F7F-7A08-491C-9BDC-3DE220868557}.Release|Any CPU.Build.0 = Release|Any CPU
		{62C640F2-3BFD-44C8-9E40-AE0CEF104E95}.Debug|Any CPU.ActiveCfg = Debug|Any CPU
		{62C640F2-3BFD-44C8-9E40-AE0CEF104E95}.Debug|Any CPU.Build.0 = Debug|Any CPU
		{62C640F2-3BFD-44C8-9E40-AE0CEF104E95}.Release|Any CPU.ActiveCfg = Release|Any CPU
		{62C640F2-3BFD-44C8-9E40-AE0CEF104E95}.Release|Any CPU.Build.0 = Release|Any CPU
		{3BF4C73C-A134-47ED-A162-D313D7F8426D}.Debug|Any CPU.ActiveCfg = Debug|Any CPU
		{3BF4C73C-A134-47ED-A162-D313D7F8426D}.Debug|Any CPU.Build.0 = Debug|Any CPU
		{3BF4C73C-A134-47ED-A162-D313D7F8426D}.Release|Any CPU.ActiveCfg = Release|Any CPU
		{3BF4C73C-A134-47ED-A162-D313D7F8426D}.Release|Any CPU.Build.0 = Release|Any CPU
		{9B6503CF-0A84-4E9B-9C90-22A9C2BB19CD}.Debug|Any CPU.ActiveCfg = Debug|Any CPU
		{9B6503CF-0A84-4E9B-9C90-22A9C2BB19CD}.Debug|Any CPU.Build.0 = Debug|Any CPU
		{9B6503CF-0A84-4E9B-9C90-22A9C2BB19CD}.Release|Any CPU.ActiveCfg = Release|Any CPU
		{9B6503CF-0A84-4E9B-9C90-22A9C2BB19CD}.Release|Any CPU.Build.0 = Release|Any CPU
		{4EBD9617-46FF-4D8D-AC32-54BACF671A36}.Debug|Any CPU.ActiveCfg = Debug|Any CPU
		{4EBD9617-46FF-4D8D-AC32-54BACF671A36}.Debug|Any CPU.Build.0 = Debug|Any CPU
		{4EBD9617-46FF-4D8D-AC32-54BACF671A36}.Release|Any CPU.ActiveCfg = Release|Any CPU
		{4EBD9617-46FF-4D8D-AC32-54BACF671A36}.Release|Any CPU.Build.0 = Release|Any CPU
		{4238C930-2E1D-4E61-BFBC-7D4D9F5F2541}.Debug|Any CPU.ActiveCfg = Debug|Any CPU
		{4238C930-2E1D-4E61-BFBC-7D4D9F5F2541}.Debug|Any CPU.Build.0 = Debug|Any CPU
		{4238C930-2E1D-4E61-BFBC-7D4D9F5F2541}.Release|Any CPU.ActiveCfg = Release|Any CPU
		{4238C930-2E1D-4E61-BFBC-7D4D9F5F2541}.Release|Any CPU.Build.0 = Release|Any CPU
		{21F708F5-6764-44EF-9D12-8B7C97E7B77C}.Debug|Any CPU.ActiveCfg = Debug|Any CPU
		{21F708F5-6764-44EF-9D12-8B7C97E7B77C}.Debug|Any CPU.Build.0 = Debug|Any CPU
		{21F708F5-6764-44EF-9D12-8B7C97E7B77C}.Release|Any CPU.ActiveCfg = Release|Any CPU
		{21F708F5-6764-44EF-9D12-8B7C97E7B77C}.Release|Any CPU.Build.0 = Release|Any CPU
	EndGlobalSection
	GlobalSection(SolutionProperties) = preSolution
		HideSolutionNode = FALSE
	EndGlobalSection
	GlobalSection(ExtensibilityGlobals) = postSolution
		SolutionGuid = {369D9350-4271-4039-9E41-F7E1C2339DB0}
	EndGlobalSection
	GlobalSection(NestedProjects) = preSolution
		{E95BFE4D-A215-4B56-9CCF-7E13349C06C4} = {01AC8213-FE77-44CE-9102-00A2EB0AA16F}
		{8A415F7F-7A08-491C-9BDC-3DE220868557} = {E95BFE4D-A215-4B56-9CCF-7E13349C06C4}
		{62C640F2-3BFD-44C8-9E40-AE0CEF104E95} = {E95BFE4D-A215-4B56-9CCF-7E13349C06C4}
		{3BF4C73C-A134-47ED-A162-D313D7F8426D} = {E95BFE4D-A215-4B56-9CCF-7E13349C06C4}
		{9B6503CF-0A84-4E9B-9C90-22A9C2BB19CD} = {E95BFE4D-A215-4B56-9CCF-7E13349C06C4}
		{3FC9CD1C-FB96-4A5E-BA1F-CB8A6FCAD131} = {01AC8213-FE77-44CE-9102-00A2EB0AA16F}
		{4EBD9617-46FF-4D8D-AC32-54BACF671A36} = {3FC9CD1C-FB96-4A5E-BA1F-CB8A6FCAD131}
		{21F708F5-6764-44EF-9D12-8B7C97E7B77C} = {E95BFE4D-A215-4B56-9CCF-7E13349C06C4}
	EndGlobalSection
EndGlobal
