
Microsoft Visual Studio Solution File, Format Version 12.00
# Visual Studio Version 17
VisualStudioVersion = 17.0.32112.339
MinimumVisualStudioVersion = 10.0.40219.1
Project("{9A19103F-16F7-4668-BE54-9A1E7A4F7556}") = "Store", "Store\Store.csproj", "{F13E860B-E163-4C6F-B69B-2D9531513E55}"
EndProject
Project("{9A19103F-16F7-4668-BE54-9A1E7A4F7556}") = "Bot", "Bot\Bot.csproj", "{79226F1F-3226-447D-BEEC-C667114EA0B2}"
EndProject
Project("{E53339B2-1760-4266-BCC7-CA923CBCF16C}") = "docker-compose", "docker-compose.dcproj", "{260F741B-814B-4BF9-B57D-475944D53D6C}"
EndProject
Global
	GlobalSection(SolutionConfigurationPlatforms) = preSolution
		Debug|Any CPU = Debug|Any CPU
		Release|Any CPU = Release|Any CPU
	EndGlobalSection
	GlobalSection(ProjectConfigurationPlatforms) = postSolution
		{F13E860B-E163-4C6F-B69B-2D9531513E55}.Debug|Any CPU.ActiveCfg = Debug|Any CPU
		{F13E860B-E163-4C6F-B69B-2D9531513E55}.Debug|Any CPU.Build.0 = Debug|Any CPU
		{F13E860B-E163-4C6F-B69B-2D9531513E55}.Release|Any CPU.ActiveCfg = Release|Any CPU
		{F13E860B-E163-4C6F-B69B-2D9531513E55}.Release|Any CPU.Build.0 = Release|Any CPU
		{79226F1F-3226-447D-BEEC-C667114EA0B2}.Debug|Any CPU.ActiveCfg = Debug|Any CPU
		{79226F1F-3226-447D-BEEC-C667114EA0B2}.Debug|Any CPU.Build.0 = Debug|Any CPU
		{79226F1F-3226-447D-BEEC-C667114EA0B2}.Release|Any CPU.ActiveCfg = Release|Any CPU
		{79226F1F-3226-447D-BEEC-C667114EA0B2}.Release|Any CPU.Build.0 = Release|Any CPU
		{260F741B-814B-4BF9-B57D-475944D53D6C}.Debug|Any CPU.ActiveCfg = Debug|Any CPU
		{260F741B-814B-4BF9-B57D-475944D53D6C}.Debug|Any CPU.Build.0 = Debug|Any CPU
		{260F741B-814B-4BF9-B57D-475944D53D6C}.Release|Any CPU.ActiveCfg = Release|Any CPU
		{260F741B-814B-4BF9-B57D-475944D53D6C}.Release|Any CPU.Build.0 = Release|Any CPU
	EndGlobalSection
	GlobalSection(SolutionProperties) = preSolution
		HideSolutionNode = FALSE
	EndGlobalSection
	GlobalSection(ExtensibilityGlobals) = postSolution
		SolutionGuid = {369D9350-4271-4039-9E41-F7E1C2339DB0}
	EndGlobalSection
EndGlobal
